
Microsoft Visual Studio Solution File, Format Version 12.00
# Visual Studio 14
VisualStudioVersion = 14.0.25420.1
MinimumVisualStudioVersion = 10.0.40219.1
Project("{FAE04EC0-301F-11D3-BF4B-00C04F79EFBC}") = "MyList", "MyList.csproj", "{8A968C67-F82E-45BA-A461-882BFA5134F3}"
EndProject
Project("{FAE04EC0-301F-11D3-BF4B-00C04F79EFBC}") = "MyListTest", "..\MyListTest\MyListTest.csproj", "{6450884D-C205-4347-9F31-EA71AF4D13DD}"
EndProject
Global
	GlobalSection(SolutionConfigurationPlatforms) = preSolution
		Debug|Any CPU = Debug|Any CPU
		Release|Any CPU = Release|Any CPU
	EndGlobalSection
	GlobalSection(ProjectConfigurationPlatforms) = postSolution
		{8A968C67-F82E-45BA-A461-882BFA5134F3}.Debug|Any CPU.ActiveCfg = Debug|Any CPU
		{8A968C67-F82E-45BA-A461-882BFA5134F3}.Debug|Any CPU.Build.0 = Debug|Any CPU
		{8A968C67-F82E-45BA-A461-882BFA5134F3}.Release|Any CPU.ActiveCfg = Release|Any CPU
		{8A968C67-F82E-45BA-A461-882BFA5134F3}.Release|Any CPU.Build.0 = Release|Any CPU
		{6450884D-C205-4347-9F31-EA71AF4D13DD}.Debug|Any CPU.ActiveCfg = Debug|Any CPU
		{6450884D-C205-4347-9F31-EA71AF4D13DD}.Debug|Any CPU.Build.0 = Debug|Any CPU
		{6450884D-C205-4347-9F31-EA71AF4D13DD}.Release|Any CPU.ActiveCfg = Release|Any CPU
		{6450884D-C205-4347-9F31-EA71AF4D13DD}.Release|Any CPU.Build.0 = Release|Any CPU
	EndGlobalSection
	GlobalSection(SolutionProperties) = preSolution
		HideSolutionNode = FALSE
	EndGlobalSection
EndGlobal
